{
  "name": "rest-express",
  "version": "1.0.0",
  "lockfileVersion": 3,
  "requires": true,
  "packages": {
    "": {
      "name": "rest-express",
      "version": "1.0.0",
      "license": "MIT",
      "dependencies": {
        "@hookform/resolvers": "^3.10.0",
        "@jridgewell/trace-mapping": "^0.3.25",
        "@neondatabase/serverless": "^0.10.4",
        "@radix-ui/react-accordion": "^1.2.4",
        "@radix-ui/react-alert-dialog": "^1.1.7",
        "@radix-ui/react-aspect-ratio": "^1.1.3",
        "@radix-ui/react-avatar": "^1.1.4",
        "@radix-ui/react-checkbox": "^1.1.5",
        "@radix-ui/react-collapsible": "^1.1.4",
        "@radix-ui/react-context-menu": "^2.2.7",
        "@radix-ui/react-dialog": "^1.1.7",
        "@radix-ui/react-dropdown-menu": "^2.1.7",
        "@radix-ui/react-hover-card": "^1.1.7",
        "@radix-ui/react-label": "^2.1.3",
        "@radix-ui/react-menubar": "^1.1.7",
        "@radix-ui/react-navigation-menu": "^1.2.6",
        "@radix-ui/react-popover": "^1.1.7",
        "@radix-ui/react-progress": "^1.1.3",
        "@radix-ui/react-radio-group": "^1.2.4",
        "@radix-ui/react-scroll-area": "^1.2.4",
        "@radix-ui/react-select": "^2.1.7",
        "@radix-ui/react-separator": "^1.1.3",
        "@radix-ui/react-slider": "^1.2.4",
        "@radix-ui/react-slot": "^1.2.0",
        "@radix-ui/react-switch": "^1.1.4",
        "@radix-ui/react-tabs": "^1.1.4",
        "@radix-ui/react-toast": "^1.2.7",
        "@radix-ui/react-toggle": "^1.1.3",
        "@radix-ui/react-toggle-group": "^1.1.3",
        "@radix-ui/react-tooltip": "^1.2.0",
        "@tanstack/react-query": "^5.60.5",
        "@types/multer": "^2.0.0",
        "class-variance-authority": "^0.7.1",
        "clsx": "^2.1.1",
        "cmdk": "^1.1.1",
        "connect-pg-simple": "^10.0.0",
        "date-fns": "^3.6.0",
        "drizzle-orm": "^0.39.1",
        "drizzle-zod": "^0.7.0",
        "embla-carousel-react": "^8.6.0",
        "express": "^4.21.2",
        "express-session": "^1.18.1",
        "framer-motion": "^11.13.1",
        "input-otp": "^1.4.2",
        "lucide-react": "^0.453.0",
        "memorystore": "^1.6.7",
        "multer": "^2.0.2",
        "next-themes": "^0.4.6",
        "openai": "^5.12.2",
        "passport": "^0.7.0",
        "passport-local": "^1.0.0",
        "pdf2pic": "^2.2.4",
        "pdfjs-dist": "^5.4.54",
        "postgres": "^3.4.7",
        "react": "^18.3.1",
        "react-day-picker": "^8.10.1",
        "react-dom": "^18.3.1",
        "react-hook-form": "^7.55.0",
        "react-icons": "^5.4.0",
        "react-resizable-panels": "^2.1.7",
        "recharts": "^2.15.2",
        "tailwind-merge": "^2.6.0",
        "tailwindcss-animate": "^1.0.7",
        "tw-animate-css": "^1.2.5",
        "vaul": "^1.1.2",
        "wouter": "^3.3.5",
        "ws": "^8.18.0",
        "zod": "^3.24.2",
        "zod-validation-error": "^3.4.0"
      },
      "devDependencies": {
        "@replit/vite-plugin-cartographer": "^0.2.8",
        "@replit/vite-plugin-runtime-error-modal": "^0.0.3",
        "@tailwindcss/typography": "^0.5.15",
        "@tailwindcss/vite": "^4.1.3",
        "@types/connect-pg-simple": "^7.0.3",
        "@types/express": "4.17.21",
        "@types/express-session": "^1.18.0",
        "@types/node": "20.16.11",
        "@types/passport": "^1.0.16",
        "@types/passport-local": "^1.0.38",
        "@types/react": "^18.3.11",
        "@types/react-dom": "^18.3.1",
        "@types/ws": "^8.5.13",
        "@vitejs/plugin-react": "^4.3.2",
        "autoprefixer": "^10.4.20",
        "drizzle-kit": "^0.30.4",
        "esbuild": "^0.25.0",
        "postcss": "^8.4.47",
        "tailwindcss": "^3.4.17",
        "tsx": "^4.19.1",
        "typescript": "5.6.3",
        "vite": "^5.4.19"
      },
      "optionalDependencies": {
        "bufferutil": "^4.0.8"
      }
    },
    "node_modules/drizzle-orm": {
      "version": "0.39.1",
      "resolved": "https://registry.npmjs.org/drizzle-orm/-/drizzle-orm-0.39.1.tgz",
      "integrity": "sha512-s3U2Y4n5ZLPbBtf2mA1AVqO3s8pNg2A6h5oX0G0H5V2B2c0prG5n93K3D4HFoI0YuSZZS0i+2e4A7b/FL1A3KHQ==",
      "peerDependencies": {
        "@aws-sdk/client-rds-data": ">=3",
        "@cloudflare/workers-types": ">=3",
        "@electric-sql/pglite": ">=0.2",
        "@libsql/client": "*",
        "@neondatabase/serverless": ">=0.1",
        "@opentelemetry/api": "^1.4.1",
        "@planetscale/database": ">=1",
        "@types/better-sqlite3": "*",
        "@types/pg": "*",
        "@types/react": ">=18",
        "@types/sql.js": "*",
        "@vercel/postgres": ">=0.8",
        "better-sqlite3": ">=7",
        "bun-types": "*",
        "expo-sqlite": ">=13",
        "knex": "*",
        "kysely": "*",
        "mysql2": ">=2",
        "pg": ">=8",
        "postgres": ">=3",
        "react": ">=18",
        "sql.js": ">=1",
        "sqlite3": ">=5"
      },
      "peerDependenciesMeta": {
        "@aws-sdk/client-rds-data": { "optional": true },
        "@cloudflare/workers-types": { "optional": true },
        "@electric-sql/pglite": { "optional": true },
        "@libsql/client": { "optional": true },
        "@neondatabase/serverless": { "optional": true },
        "@opentelemetry/api": { "optional": true },
        "@planetscale/database": { "optional": true },
        "@types/better-sqlite3": { "optional": true },
        "@types/pg": { "optional": true },
        "@types/react": { "optional": true },
        "@types/sql.js": { "optional": true },
        "@vercel/postgres": { "optional": true },
        "better-sqlite3": { "optional": true },
        "bun-types": { "optional": true },
        "expo-sqlite": { "optional": true },
        "knex": { "optional": true },
        "kysely": { "optional": true },
        "mysql2": { "optional": true },
        "pg": { "optional": true },
        "postgres": { "optional": true },
        "react": { "optional": true },
        "sql.js": { "optional": true },
        "sqlite3": { "optional": true }
      }
    },
    "node_modules/drizzle-kit": {
      "version": "0.30.4",
      "resolved": "https://registry.npmjs.org/drizzle-kit/-/drizzle-kit-0.30.4.tgz",
      "integrity": "sha512-KzBDrq4N4s0y3W2hl99qT5r5D+0BapL/gY4qN2i8g/3sD6YAB1l0iok2qL0eObmR/BfL4ZfW3O0Osu0d5q4V7yg==",
      "dev": true,
      "dependencies": {
        "@drizzle-team/brocli": "^0.11.0",
        "@esbuild-kit/cjs-loader": "^2.4.4",
        "@esbuild-kit/core-utils": "^3.3.2",
        "@hono/node-server": "^1.12.2",
        "@hono/zod-validator": "^0.2.2",
        "chalk": "^5.3.0",
        "esbuild": "^0.21.5",
        "hono": "^4.5.8",
        "minimatch": "^9.0.5",
        "zod": "^3.23.8"
      },
      "bin": {
        "drizzle-kit": "bin.cjs"
      }
    },
    "node_modules/esbuild": {
      "version": "0.25.0",
      "resolved": "https://registry.npmjs.org/esbuild/-/esbuild-0.25.0.tgz",
      "integrity": "sha512-3BMT3r5i2T7H3gqgr7jULotZguQ6YqlD1vYUIHWOb3Uk3r+jiW0vGrQ4Ek9DADspawKlxyzSpjF+t6KBRJHo3Tw==",
      "dev": true,
      "hasInstallScript": true,
      "bin": {
        "esbuild": "bin/esbuild"
      },
      "engines": {
        "node": ">=14.6.0"
      },
      "optionalDependencies": {
        "@esbuild/aix-ppc64": "0.21.5",
        "@esbuild/android-arm": "0.21.5",
        "@esbuild/android-arm64": "0.21.5",
        "@esbuild/android-x64": "0.21.5",
        "@esbuild/darwin-arm64": "0.21.5",
        "@esbuild/darwin-x64": "0.21.5",
        "@esbuild/freebsd-arm64": "0.21.5",
        "@esbuild/freebsd-x64": "0.21.5",
        "@esbuild/linux-arm": "0.21.5",
        "@esbuild/linux-arm64": "0.21.5",
        "@esbuild/linux-ia32": "0.21.5",
        "@esbuild/linux-loong64": "0.21.5",
        "@esbuild/linux-mips64el": "0.21.5",
        "@esbuild/linux-ppc64": "0.21.5",
        "@esbuild/linux-riscv64": "0.21.5",
        "@esbuild/linux-s390x": "0.21.5",
        "@esbuild/linux-x64": "0.21.5",
        "@esbuild/netbsd-x64": "0.21.5",
        "@esbuild/openbsd-x64": "0.21.5",
        "@esbuild/sunos-x64": "0.21.5",
        "@esbuild/win32-arm64": "0.21.5",
        "@esbuild/win32-ia32": "0.21.5",
        "@esbuild/win32-x64": "0.21.5"
      }
    },
    "node_modules/@esbuild/aix-ppc64": {
      "version": "0.21.5",
      "resolved": "https://registry.npmjs.org/@esbuild/aix-ppc64/-/aix-ppc64-0.21.5.tgz",
      "integrity": "sha512-1SDgH6ZSPTlggy1yI6+Dbkiz8xzpHJEVAlF/AM1tHPLsf5STom9rwtjE4hKAF20FfXXNTRqEYXyJNWh1GiZedYQ==",
      "cpu": ["ppc64"],
      "dev": true,
      "optional": true,
      "os": ["aix"],
      "engines": {
        "node": ">=12"
      }
    },
    "node_modules/@esbuild/android-arm": {
      "version": "0.21.5",
      "resolved": "https://registry.npmjs.org/@esbuild/android-arm/-/android-arm-0.21.5.tgz",
      "integrity": "sha512-vCPvzSjpPHEi1siZdlvAlsPxXl7WbOVUBBAowWug4rJHb68Ox8KualB+1ocNvT5fjv6wpkX3Di/gW+BvUkZ5R+A==",
      "cpu": ["arm"],
      "dev": true,
      "optional": true,
      "os": ["android"],
      "engines": {
        "node": ">=12"
      }
    },
    "node_modules/@esbuild/android-arm64": {
      "version": "0.21.5",
      "resolved": "https://registry.npmjs.org/@esbuild/android-arm64/-/android-arm64-0.21.5.tgz",
      "integrity": "sha512-X1leJ80jBKk5sRfzrr5R0ceJxtff71WW7VVCenj3x3+Ce0SZm0kF+cEXEXr8F5kENH7X3wW7WOKz77mdvLiQEUQ==",
      "cpu": ["arm64"],
      "dev": true,
      "optional": true,
      "os": ["android"],
      "engines": {
        "node": ">=12"
      }
    },
    "node_modules/@esbuild/android-x64": {
      "version": "0.21.5",
      "resolved": "https://registry.npmjs.org/@esbuild/android-x64/-/android-x64-0.21.5.tgz",
      "integrity": "sha512-DV8+PSpO4Otua60gmg8guuwTvbEF6shcmeuMp0K5Vv0WM7+63c4gd2DjaRDg8X0vdHy1W+UdF+0f9qQfmM2j5Sg==",
      "cpu": ["x64"],
      "dev": true,
      "optional": true,
      "os": ["android"],
      "engines": {
        "node": ">=12"
      }
    },
    "node_modules/@esbuild/darwin-arm64": {
      "version": "0.21.5",
      "resolved": "https://registry.npmjs.org/@esbuild/darwin-arm64/-/darwin-arm64-0.21.5.tgz",
      "integrity": "sha512-DwqXqZyuk5AiWWf3UfLiRDJ5EDd49zg6O9wclZ7kUMv2WRFr4HKjXp/5t8JZ11QbQfUS6/cRCKGwYhtNAY88kQ==",
      "cpu": ["arm64"],
      "dev": true,
      "optional": true,
      "os": ["darwin"],
      "engines": {
        "node": ">=12"
      }
    },
    "node_modules/@esbuild/darwin-x64": {
      "version": "0.21.5",
      "resolved": "https://registry.npmjs.org/@esbuild/darwin-x64/-/darwin-x64-0.21.5.tgz",
      "integrity": "sha512-se/JjF8NlmKVG4kNIuyWMV/22Za/71Uk3mQJDqhi3xVYCa1JmLDqw3qOdLpUe4yFDVmK2W+mTAp9C0lrX59b0vQ==",
      "cpu": ["x64"],
      "dev": true,
      "optional": true,
      "os": ["darwin"],
      "engines": {
        "node": ">=12"
      }
    },
    "node_modules/@esbuild/freebsd-arm64": {
      "version": "0.21.5",
      "resolved": "https://registry.npmjs.org/@esbuild/freebsd-arm64/-/freebsd-arm64-0.21.5.tgz",
      "integrity": "sha512-5GcR3M/9fePehfoUp5Y+aQIL3ekwd4z/Bo/71fED3Fa6kApzKabDzB35hQzflGwL1G1V91A3V3GT1JmN7wsngzQ==",
      "cpu": ["arm64"],
      "dev": true,
      "optional": true,
      "os": ["freebsd"],
      "engines": {
        "node": ">=12"
      }
    },
    "node_modules/@esbuild/freebsd-x64": {
      "version": "0.21.5",
      "resolved": "https://registry.npmjs.org/@esbuild/freebsd-x64/-/freebsd-x64-0.21.5.tgz",
      "integrity": "sha512-8/sNJ7fh8bG0WED2QH7JhrnTEH5S4k6uQ+e6mVJqi25b0jTfk/fuV0Y8dwf/zB1IlG7w/hksN3QeYp+uZVALu5Q==",
      "cpu": ["x64"],
      "dev": true,
      "optional": true,
      "os": ["freebsd"],
      "engines": {
        "node": ">=12"
      }
    },
    "node_modules/@esbuild/linux-arm": {
      "version": "0.21.5",
      "resolved": "https://registry.npmjs.org/@esbuild/linux-arm/-/linux-arm-0.21.5.tgz",
      "integrity": "sha512-bPb5AHZtbeNGfm4S2m3T3XjSU7koKoqmlwiN+xk3DTLE4q2MWY5wDLQWQcWAUzUXP3zsNF47kQYZiGr7cRh35ew==",
      "cpu": ["arm"],
      "dev": true,
      "optional": true,
      "os": ["linux"],
      "engines": {
        "node": ">=12"
      }
    },
    "node_modules/@esbuild/linux-arm64": {
      "version": "0.21.5",
      "resolved": "https://registry.npmjs.org/@esbuild/linux-arm64/-/linux-arm64-0.21.5.tgz",
      "integrity": "sha512-ibKv6q29uBBX51ZumHLV2wLKr/kVr+1x9k2Zq7KlLfTxS5AISgBtmWnR3OC7UKV+1NV8Xm4HPFUrMLbRvoq9Kew==",
      "cpu": ["arm64"],
      "dev": true,
      "optional": true,
      "os": ["linux"],
      "engines": {
        "node": ">=12"
      }
    },
    "node_modules/@esbuild/linux-ia32": {
      "version": "0.21.5",
      "resolved": "https://registry.npmjs.org/@esbuild/linux-ia32/-/linux-ia32-0.21.5.tgz",
      "integrity": "sha512-Yv7hZCmW8R3V3R3YbK1KXL3P3Pe78moHvPo1S7BM3oDA5vK5tT2Trk8k2mt6/7q1O6M3M3J8LRRMR4zSaT003aA==",
      "cpu": ["ia32"],
      "dev": true,
      "optional": true,
      "os": ["linux"],
      "engines": {
        "node": ">=12"
      }
    },
    "node_modules/@esbuild/linux-loong64": {
      "version": "0.21.5",
      "resolved": "https://registry.npmjs.org/@esbuild/linux-loong64/-/linux-loong64-0.21.5.tgz",
      "integrity": "sha512-uHf1BmMG8qEvzdrzAqg2SIG/02+4/DHB6a9Kbya0XDvwDEKCoC8ZRWI5JJvNdUjtciBOV9f0dCqr9r1G7W9LU5g==",
      "cpu": ["loong64"],
      "dev": true,
      "optional": true,
      "os": ["linux"],
      "engines": {
        "node": ">=12"
      }
    },
    "node_modules/@esbuild/linux-mips64el": {
      "version": "0.21.5",
      "resolved": "https://registry.npmjs.org/@esbuild/linux-mips64el/-/linux-mips64el-0.21.5.tgz",
      "integrity": "sha512-IajOmO+KJK23bj52dFS/jRYCJ7H3R/z2d2J6sJ6PBO94jVSx9ckfd+9DMkSa9HviCrL22/RcvO7U5N2Sg+tf/oA==",
      "cpu": ["mips64el"],
      "dev": true,
      "optional": true,
      "os": ["linux"],
      "engines": {
        "node": ">=12"
      }
    },
    "node_modules/@esbuild/linux-ppc64": {
      "version": "0.21.5",
      "resolved": "https://registry.npmjs.org/@esbuild/linux-ppc64/-/linux-ppc64-0.21.5.tgz",
      "integrity": "sha512-1kVble7ranmw6rrMZAJ0sR1kAwU3s6EmB1CFHMQbP3v+b3WAt3SlaW6S6zeBno0ydaeqThvYKo0PJXzM00J6jsxQ==",
      "cpu": ["ppc64"],
      "dev": true,
      "optional": true,
      "os": ["linux"],
      "engines": {
        "node": ">=12"
      }
    },
    "node_modules/@esbuild/linux-riscv64": {
      "version": "0.21.5",
      "resolved": "https://registry.npmjs.org/@esbuild/linux-riscv64/-/linux-riscv64-0.21.5.tgz",
      "integrity": "sha512-JpEjH77pP2fQbnuW2e7lMIh06z0Wki2vRP4qdhbGrUws5xVpU8khX0aiI0lN+4gPk33tQV1ofVbT2VoK3qQKSDw==",
      "cpu": ["riscv64"],
      "dev": true,
      "optional": true,
      "os": ["linux"],
      "engines": {
        "node": ">=12"
      }
    },
    "node_modules/@esbuild/linux-s390x": {
      "version": "0.21.5",
      "resolved": "https://registry.npmjs.org/@esbuild/linux-s390x/-/linux-s390x-0.21.5.tgz",
      "integrity": "sha512-zus5sxzqBJU2FFKXbZw28T2P3oJ3MhuGtwvZX2tQND90VoW2wJMRvf9w2bJhwDJpI8fd34tWHiJXe3v7D0VrG6A==",
      "cpu": ["s390x"],
      "dev": true,
      "optional": true,
      "os": ["linux"],
      "engines": {
        "node": ">=12"
      }
    },
    "node_modules/@esbuild/linux-x64": {
      "version": "0.21.5",
      "resolved": "https://registry.npmjs.org/@esbuild/linux-x64/-/linux-x64-0.21.5.tgz",
      "integrity": "sha512-Y2Rh5/1wZqS4Sg2PswXalYV2o0MJ1RH6MtmV8jO7gQN8xGr8nK2cFZTQWt/cQ2uEGv83F8lO5ufeWn2jZJ7F Jug==",
      "cpu": ["x64"],
      "dev": true,
      "optional": true,
      "os": ["linux"],
      "engines": {
        "node": ">=12"
      }
    },
    "node_modules/@esbuild/netbsd-x64": {
      "version": "0.21.5",
      "resolved": "https://registry.npmjs.org/@esbuild/netbsd-x64/-/netbsd-x64-0.21.5.tgz",
      "integrity": "sha512-Woi2BrdYTN6wf0s3TvbV2s3mB4Ni8bkcaE2f61O46WthUsP9AKiHKW2yL7hQ4qP2ev4Fu3D4lI9AaC3n/0BSuBg==",
      "cpu": ["x64"],
      "dev": true,
      "optional": true,
      "os": ["netbsd"],
      "engines": {
        "node": ">=12"
      }
    },
    "node_modules/@esbuild/openbsd-x64": {
      "version": "0.21.5",
      "resolved": "https://registry.npmjs.org/@esbuild/openbsd-x64/-/openbsd-x64-0.21.5.tgz",
      "integrity": "sha512-HjP/4KaAMxH02fwcAdPOf0EWgbDtN1MSwMnfgO4MpXgH4vzec4Ko7ytTK2W1esDM4ENQ2qVzwP7M2XP5H3Xek4g==",
      "cpu": ["x64"],
      "dev": true,
      "optional": true,
      "os": ["openbsd"],
      "engines": {
        "node": ">=12"
      }
    },
    "node_modules/@esbuild/sunos-x64": {
      "version": "0.21.5",
      "resolved": "https://registry.npmjs.org/@esbuild/sunos-x64/-/sunos-x64-0.21.5.tgz",
      "integrity": "sha512-6iWyY/+pZmBI4jW2VsoVdpcmTW0W7vTP3sWILr3TG0rH3D3W/c3qVi2elH3lpB7ND85PLj0Mmo6N2KhSG/0R1cQ==",
      "cpu": ["x64"],
      "dev": true,
      "optional": true,
      "os": ["sunos"],
      "engines": {
        "node": ">=12"
      }
    },
    "node_modules/@esbuild/win32-arm64": {
      "version": "0.21.5",
      "resolved": "https://registry.npmjs.org/@esbuild/win32-arm64/-/win32-arm64-0.21.5.tgz",
      "integrity": "sha512-kQ9hZjrV4y0kA1WnyhPTP47MLXOJaLcn8hY7hrKLLCPGLZDKnP2EryS3txZcxESFu5Sn0DsNiejJ0J0kr6K7n5w==",
      "cpu": ["arm64"],
      "dev": true,
      "optional": true,
      "os": ["win32"],
      "engines": {
        "node": ">=12"
      }
    },
    "node_modules/@esbuild/win32-ia32": {
      "version": "0.21.5",
      "resolved": "https://registry.npmjs.org/@esbuild/win32-ia32/-/win32-ia32-0.21.5.tgz",
      "integrity": "sha512-S8eO+/a+/3z7tPomZ7XNHpG75DAUwECYQz0xBFsguX3T5fds228sUynH8F1rn3XWdTCjWPL2n9W3IXuPImhNAuQ==",
      "cpu": ["ia32"],
      "dev": true,
      "optional": true,
      "os": ["win32"],
      "engines": {
        "node": ">=12"
      }
    },
    "node_modules/@esbuild/win32-x64": {
      "version": "0.21.5",
      "resolved": "https://registry.npmjs.org/@esbuild/win32-x64/-/win32-x64-0.21.5.tgz",
      "integrity": "sha512-tQd/1efJuzPC6rCFwEvLtci/xNFcTZknmXs98FYDfGE4wP9ClFV98nyKrzJKVPMhdDnjzL2O6t3t1SC9rF7dW8w==",
      "cpu": ["x64"],
      "dev": true,
      "optional": true,
      "os": ["win32"],
      "engines": {
        "node": ">=12"
      }
    },
    "node_modules/postgres": {
      "version": "3.4.7",
      "resolved": "https://registry.npmjs.org/postgres/-/postgres-3.4.7.tgz",
      "integrity": "sha512-sPD7KPg7yB6IAwHvfocEmVygQ1+2oqG0j6ncgW3Z2hH3OYb+3mF9x+3ND9n/cXEvzEusRTDwV4P+ZUT5O3MtiFA=="
    },
    "node_modules/pdf2pic": {
      "version": "2.2.4",
      "resolved": "https://registry.npmjs.org/pdf2pic/-/pdf2pic-2.2.4.tgz",
      "integrity": "sha512-l0bS8OQ3E5rxpP6yIDyzT3+1s0dt0Y2sp9m3s3j6hXgJ3o1mJ7f0SFLQ4vA5V7hF+/nB7Yb0sBlyS5k1u+mGdwQ==",
      "dependencies": {
        "fs-extra": "^10.1.0",
        "gm": "^1.25.1"
      },
      "engines": {
        "node": ">=8.0.0"
      }
    },
    "node_modules/fs-extra": {
      "version": "10.1.0",
      "resolved": "https://registry.npmjs.org/fs-extra/-/fs-extra-10.1.0.tgz",
      "integrity": "sha512-oRXApq54ETRj4eMiFzGnHWGy+zo5raudjuxN0b8H7s/RU2oW0Wvsx9O0ACRN/kRq9E8Vu/ReskGB5o3ji+FzHQg==",
      "dependencies": {
        "graceful-fs": "^4.2.0",
        "jsonfile": "^6.0.1",
        "universalify": "^2.0.0"
      },
      "engines": {
        "node": ">=12"
      }
    },
    "node_modules/gm": {
      "version": "1.25.1",
      "resolved": "https://registry.npmjs.org/gm/-/gm-1.25.1.tgz",
      "integrity": "sha512-OsAsg2M5D4nTeS4Wq2mPnljEk+Mn5+3z7virOynrLuciABe+lsqMh9bBLk4cZrmF8eW3tPQXKRVvGrgH3fM4XhQ==",
      "dependencies": {
        "array-parallel": "^0.1.3",
        "array-series": "^0.1.5",
        "debug": "^3.2.7"
      },
      "engines": {
        "node": ">= 14"
      }
    },
    "node_modules/jsonfile": {
      "version": "6.1.0",
      "resolved": "https://registry.npmjs.org/jsonfile/-/jsonfile-6.1.0.tgz",
      "integrity": "sha512-5dgndWOriYSm5cnYaJNhalLNDKOqFwyDB/rr1E9ZsGciGvKPs8R2xYGCacuf3z6K1YKDz182fd+fY3cn3pMqXQg==",
      "dependencies": {
        "universalify": "^2.0.0"
      },
      "optionalDependencies": {
        "graceful-fs": "^4.1.6"
      }
    },
    "node_modules/universalify": {
      "version": "2.0.1",
      "resolved": "https://registry.npmjs.org/universalify/-/universalify-2.0.1.tgz",
      "integrity": "sha512-gptHNQghINnc/vTGIk0SOFGFNXw7JVrlRUtConJRlvaw6DuX0wO5Jeko9sWrMBhh+PsYAZ7oXAiOnf/UKogyiwg==",
      "engines": {
        "node": ">= 10.0.0"
      }
    },
    "node_modules/array-parallel": {
      "version": "0.1.3",
      "resolved": "https://registry.npmjs.org/array-parallel/-/array-parallel-0.1.3.tgz",
      "integrity": "sha512-7wJALVqR8f3iAHIQQ4GqknCuqT1TB0M4O2Y3SkfN2b/jzMP3tA4H9Qj3w0+FLn8LySuizzi4A2f3Ia7Q3kNB7mQ=="
    },
    "node_modules/array-series": {
      "version": "0.1.5",
      "resolved": "https://registry.npmjs.org/array-series/-/array-series-0.1.5.tgz",
      "integrity": "sha512-L3VG4RSNqvh3uUzY7bChSGVNa3QBRmW5rNu+LO30HmEc0s70M3T2X4APaLTuSW0TwtM77f0oOZdTFiSQMfOsqfg=="
    },
    "node_modules/debug": {
      "version": "3.2.7",
      "resolved": "https://registry.npmjs.org/debug/-/debug-3.2.7.tgz",
      "integrity": "sha512-CFjzYYAi4ThfiQvizrFQevTTXHtnCqWfe7x1AhgEscTz6ZbLbfoLRLPugTQyBth6f8ZERVUSyWHFD/7Wu4t1XQg==",
      "dependencies": {
        "ms": "^2.1.1"
      }
    },
    "node_modules/ms": {
      "version": "2.0.0",
      "resolved": "https://registry.npmjs.org/ms/-/ms-2.0.0.tgz",
      "integrity": "sha512-Tpp60P6IUJDTuOq/5Z8cdskzJujfwqfOTkrwIwj7IRISpnkJnT6SyJ4PCPnGMoFjC9ddhal5KVIYtAt97ix05A0=="
    },
    "node_modules/ansi-regex": {
      "version": "5.0.1",
      "resolved": "https://registry.npmjs.org/ansi-regex/-/ansi-regex-5.0.1.tgz",
      "integrity": "sha512-quJQXlTSUGL2LH9SUXo8VwsY4soanhgo6LNSm84E1LBcE8s3O0wpdiRzyR9z/ZZJMlMWv37qOOb9pdJlMUEKFQ==",
      "engines": {
        "node": ">=8"
      }
    },
    "node_modules/color-convert": {
      "version": "2.0.1",
      "resolved": "https://registry.npmjs.org/color-convert/-/color-convert-2.0.1.tgz",
      "integrity": "sha512-RRECPsj7iu/xb5oKYcsFHSppFNnsj/52OVTRnZPSgF7hAA1H0c0R5H8hB3b2H85HONr/0H+xH0S1qP91v0m2OQ==",
      "dependencies": {
        "color-name": "~1.1.4"
      },
      "engines": {
        "node": ">=7.0.0"
      }
    },
    "node_modules/color-name": {
      "version": "1.1.4",
      "resolved": "https://registry.npmjs.org/color-name/-/color-name-1.1.4.tgz",
      "integrity": "sha512-dOy+3AuW3a2wNbZHIuMZpTcgjGuLU/uBL/ubcZF9OXbDo8ff4O8yVp5Bf0efS8uEoYo5q4Fx7dY9OgQGXgAsQA=="
    },
    "node_modules/emoji-regex": {
      "version": "8.0.0",
      "resolved": "https://registry.npmjs.org/emoji-regex/-/emoji-regex-8.0.0.tgz",
      "integrity": "sha512-MSjYzcWNOA0ewAHpz0MxpYFvwg6yjy1NG3xteoqz644VCo/RPgnr1/GGt+ic3iJTzQ8Eu3TdM14SawnVUmGE6A=="
    },
    "node_modules/graceful-fs": {
      "version": "4.2.11",
      "resolved": "https://registry.npmjs.org/graceful-fs/-/graceful-fs-4.2.11.tgz",
      "integrity": "sha512-RbJ5/jmFcNNCcDV5o9eTnBLJ/HszWV0P73bc+Ff4nS/rJj+YaS6IGyiOL0VoBYX+l1Wrl3k63h/KrH+nhJ0XvQ=="
    }
  }
}
